// !$*UTF8*$!
{
	archiveVersion = 1;
	classes = {
	};
	objectVersion = 50;
	objects = {

/* Begin PBXBuildFile section */
		3D82CA9B2564C02A008FDB0B /* AppDelegate.m in Sources */ = {isa = PBXBuildFile; fileRef = 3D82CA9A2564C02A008FDB0B /* AppDelegate.m */; };
		3D82CA9E2564C02A008FDB0B /* ViewController.m in Sources */ = {isa = PBXBuildFile; fileRef = 3D82CA9D2564C02A008FDB0B /* ViewController.m */; };
		3D82CAA02564C02C008FDB0B /* Assets.xcassets in Resources */ = {isa = PBXBuildFile; fileRef = 3D82CA9F2564C02C008FDB0B /* Assets.xcassets */; };
		3D82CAA32564C02C008FDB0B /* Main.storyboard in Resources */ = {isa = PBXBuildFile; fileRef = 3D82CAA12564C02C008FDB0B /* Main.storyboard */; };
		3D82CAA62564C02C008FDB0B /* main.m in Sources */ = {isa = PBXBuildFile; fileRef = 3D82CAA52564C02C008FDB0B /* main.m */; };
		3D82CAB12564C02D008FDB0B /* WallpaperTests.m in Sources */ = {isa = PBXBuildFile; fileRef = 3D82CAB02564C02D008FDB0B /* WallpaperTests.m */; };
		3D82CABC2564C02D008FDB0B /* WallpaperUITests.m in Sources */ = {isa = PBXBuildFile; fileRef = 3D82CABB2564C02D008FDB0B /* WallpaperUITests.m */; };
		3D82CAD425651B38008FDB0B /* WallpaperExtensionView.h in Headers */ = {isa = PBXBuildFile; fileRef = 3D82CAD325651B38008FDB0B /* WallpaperExtensionView.h */; };
		3D82CAD625651B38008FDB0B /* WallpaperExtensionView.m in Sources */ = {isa = PBXBuildFile; fileRef = 3D82CAD525651B38008FDB0B /* WallpaperExtensionView.m */; };
/* End PBXBuildFile section */

/* Begin PBXContainerItemProxy section */
		3D82CAAD2564C02D008FDB0B /* PBXContainerItemProxy */ = {
			isa = PBXContainerItemProxy;
			containerPortal = 3D82CA8E2564C02A008FDB0B /* Project object */;
			proxyType = 1;
			remoteGlobalIDString = 3D82CA952564C02A008FDB0B;
			remoteInfo = Wallpaper;
		};
		3D82CAB82564C02D008FDB0B /* PBXContainerItemProxy */ = {
			isa = PBXContainerItemProxy;
			containerPortal = 3D82CA8E2564C02A008FDB0B /* Project object */;
			proxyType = 1;
			remoteGlobalIDString = 3D82CA952564C02A008FDB0B;
			remoteInfo = Wallpaper;
		};
/* End PBXContainerItemProxy section */

/* Begin PBXFileReference section */
		3D82CA962564C02A008FDB0B /* Wallpaper.app */ = {isa = PBXFileReference; explicitFileType = wrapper.application; includeInIndex = 0; path = Wallpaper.app; sourceTree = BUILT_PRODUCTS_DIR; };
		3D82CA992564C02A008FDB0B /* AppDelegate.h */ = {isa = PBXFileReference; lastKnownFileType = sourcecode.c.h; path = AppDelegate.h; sourceTree = "<group>"; };
		3D82CA9A2564C02A008FDB0B /* AppDelegate.m */ = {isa = PBXFileReference; lastKnownFileType = sourcecode.c.objc; path = AppDelegate.m; sourceTree = "<group>"; };
		3D82CA9C2564C02A008FDB0B /* ViewController.h */ = {isa = PBXFileReference; lastKnownFileType = sourcecode.c.h; path = ViewController.h; sourceTree = "<group>"; };
		3D82CA9D2564C02A008FDB0B /* ViewController.m */ = {isa = PBXFileReference; lastKnownFileType = sourcecode.c.objc; path = ViewController.m; sourceTree = "<group>"; };
		3D82CA9F2564C02C008FDB0B /* Assets.xcassets */ = {isa = PBXFileReference; lastKnownFileType = folder.assetcatalog; path = Assets.xcassets; sourceTree = "<group>"; };
		3D82CAA22564C02C008FDB0B /* Base */ = {isa = PBXFileReference; lastKnownFileType = file.storyboard; name = Base; path = Base.lproj/Main.storyboard; sourceTree = "<group>"; };
		3D82CAA42564C02C008FDB0B /* Info.plist */ = {isa = PBXFileReference; lastKnownFileType = text.plist.xml; path = Info.plist; sourceTree = "<group>"; };
		3D82CAA52564C02C008FDB0B /* main.m */ = {isa = PBXFileReference; lastKnownFileType = sourcecode.c.objc; path = main.m; sourceTree = "<group>"; };
		3D82CAA72564C02C008FDB0B /* Wallpaper.entitlements */ = {isa = PBXFileReference; lastKnownFileType = text.plist.entitlements; path = Wallpaper.entitlements; sourceTree = "<group>"; };
		3D82CAAC2564C02D008FDB0B /* WallpaperTests.xctest */ = {isa = PBXFileReference; explicitFileType = wrapper.cfbundle; includeInIndex = 0; path = WallpaperTests.xctest; sourceTree = BUILT_PRODUCTS_DIR; };
		3D82CAB02564C02D008FDB0B /* WallpaperTests.m */ = {isa = PBXFileReference; lastKnownFileType = sourcecode.c.objc; path = WallpaperTests.m; sourceTree = "<group>"; };
		3D82CAB22564C02D008FDB0B /* Info.plist */ = {isa = PBXFileReference; lastKnownFileType = text.plist.xml; path = Info.plist; sourceTree = "<group>"; };
		3D82CAB72564C02D008FDB0B /* WallpaperUITests.xctest */ = {isa = PBXFileReference; explicitFileType = wrapper.cfbundle; includeInIndex = 0; path = WallpaperUITests.xctest; sourceTree = BUILT_PRODUCTS_DIR; };
		3D82CABB2564C02D008FDB0B /* WallpaperUITests.m */ = {isa = PBXFileReference; lastKnownFileType = sourcecode.c.objc; path = WallpaperUITests.m; sourceTree = "<group>"; };
		3D82CABD2564C02D008FDB0B /* Info.plist */ = {isa = PBXFileReference; lastKnownFileType = text.plist.xml; path = Info.plist; sourceTree = "<group>"; };
		3D82CAD125651B38008FDB0B /* WallpaperExtension.saver */ = {isa = PBXFileReference; explicitFileType = wrapper.cfbundle; includeInIndex = 0; path = WallpaperExtension.saver; sourceTree = BUILT_PRODUCTS_DIR; };
		3D82CAD325651B38008FDB0B /* WallpaperExtensionView.h */ = {isa = PBXFileReference; lastKnownFileType = sourcecode.c.h; path = WallpaperExtensionView.h; sourceTree = "<group>"; };
		3D82CAD525651B38008FDB0B /* WallpaperExtensionView.m */ = {isa = PBXFileReference; lastKnownFileType = sourcecode.c.objc; path = WallpaperExtensionView.m; sourceTree = "<group>"; };
		3D82CAD725651B39008FDB0B /* Info.plist */ = {isa = PBXFileReference; lastKnownFileType = text.plist.xml; path = Info.plist; sourceTree = "<group>"; };
/* End PBXFileReference section */

/* Begin PBXFrameworksBuildPhase section */
		3D82CA932564C02A008FDB0B /* Frameworks */ = {
			isa = PBXFrameworksBuildPhase;
			buildActionMask = 2147483647;
			files = (
			);
			runOnlyForDeploymentPostprocessing = 0;
		};
		3D82CAA92564C02D008FDB0B /* Frameworks */ = {
			isa = PBXFrameworksBuildPhase;
			buildActionMask = 2147483647;
			files = (
			);
			runOnlyForDeploymentPostprocessing = 0;
		};
		3D82CAB42564C02D008FDB0B /* Frameworks */ = {
			isa = PBXFrameworksBuildPhase;
			buildActionMask = 2147483647;
			files = (
			);
			runOnlyForDeploymentPostprocessing = 0;
		};
		3D82CACE25651B38008FDB0B /* Frameworks */ = {
			isa = PBXFrameworksBuildPhase;
			buildActionMask = 2147483647;
			files = (
			);
			runOnlyForDeploymentPostprocessing = 0;
		};
/* End PBXFrameworksBuildPhase section */

/* Begin PBXGroup section */
		3D82CA8D2564C02A008FDB0B = {
			isa = PBXGroup;
			children = (
				3D82CA982564C02A008FDB0B /* Wallpaper */,
				3D82CAAF2564C02D008FDB0B /* WallpaperTests */,
				3D82CABA2564C02D008FDB0B /* WallpaperUITests */,
				3D82CAD225651B38008FDB0B /* WallpaperExtension */,
				3D82CA972564C02A008FDB0B /* Products */,
			);
			sourceTree = "<group>";
		};
		3D82CA972564C02A008FDB0B /* Products */ = {
			isa = PBXGroup;
			children = (
				3D82CA962564C02A008FDB0B /* Wallpaper.app */,
				3D82CAAC2564C02D008FDB0B /* WallpaperTests.xctest */,
				3D82CAB72564C02D008FDB0B /* WallpaperUITests.xctest */,
				3D82CAD125651B38008FDB0B /* WallpaperExtension.saver */,
			);
			name = Products;
			sourceTree = "<group>";
		};
		3D82CA982564C02A008FDB0B /* Wallpaper */ = {
			isa = PBXGroup;
			children = (
				3D82CA992564C02A008FDB0B /* AppDelegate.h */,
				3D82CA9A2564C02A008FDB0B /* AppDelegate.m */,
				3D82CA9C2564C02A008FDB0B /* ViewController.h */,
				3D82CA9D2564C02A008FDB0B /* ViewController.m */,
				3D82CA9F2564C02C008FDB0B /* Assets.xcassets */,
				3D82CAA12564C02C008FDB0B /* Main.storyboard */,
				3D82CAA42564C02C008FDB0B /* Info.plist */,
				3D82CAA52564C02C008FDB0B /* main.m */,
				3D82CAA72564C02C008FDB0B /* Wallpaper.entitlements */,
			);
			path = Wallpaper;
			sourceTree = "<group>";
		};
		3D82CAAF2564C02D008FDB0B /* WallpaperTests */ = {
			isa = PBXGroup;
			children = (
				3D82CAB02564C02D008FDB0B /* WallpaperTests.m */,
				3D82CAB22564C02D008FDB0B /* Info.plist */,
			);
			path = WallpaperTests;
			sourceTree = "<group>";
		};
		3D82CABA2564C02D008FDB0B /* WallpaperUITests */ = {
			isa = PBXGroup;
			children = (
				3D82CABB2564C02D008FDB0B /* WallpaperUITests.m */,
				3D82CABD2564C02D008FDB0B /* Info.plist */,
			);
			path = WallpaperUITests;
			sourceTree = "<group>";
		};
		3D82CAD225651B38008FDB0B /* WallpaperExtension */ = {
			isa = PBXGroup;
			children = (
				3D82CAD325651B38008FDB0B /* WallpaperExtensionView.h */,
				3D82CAD525651B38008FDB0B /* WallpaperExtensionView.m */,
				3D82CAD725651B39008FDB0B /* Info.plist */,
			);
			path = WallpaperExtension;
			sourceTree = "<group>";
		};
/* End PBXGroup section */

/* Begin PBXHeadersBuildPhase section */
		3D82CACC25651B38008FDB0B /* Headers */ = {
			isa = PBXHeadersBuildPhase;
			buildActionMask = 2147483647;
			files = (
				3D82CAD425651B38008FDB0B /* WallpaperExtensionView.h in Headers */,
			);
			runOnlyForDeploymentPostprocessing = 0;
		};
/* End PBXHeadersBuildPhase section */

/* Begin PBXNativeTarget section */
		3D82CA952564C02A008FDB0B /* Wallpaper */ = {
			isa = PBXNativeTarget;
			buildConfigurationList = 3D82CAC02564C02D008FDB0B /* Build configuration list for PBXNativeTarget "Wallpaper" */;
			buildPhases = (
				3D82CA922564C02A008FDB0B /* Sources */,
				3D82CA932564C02A008FDB0B /* Frameworks */,
				3D82CA942564C02A008FDB0B /* Resources */,
			);
			buildRules = (
			);
			dependencies = (
			);
			name = Wallpaper;
			productName = Wallpaper;
			productReference = 3D82CA962564C02A008FDB0B /* Wallpaper.app */;
			productType = "com.apple.product-type.application";
		};
		3D82CAAB2564C02D008FDB0B /* WallpaperTests */ = {
			isa = PBXNativeTarget;
			buildConfigurationList = 3D82CAC32564C02D008FDB0B /* Build configuration list for PBXNativeTarget "WallpaperTests" */;
			buildPhases = (
				3D82CAA82564C02D008FDB0B /* Sources */,
				3D82CAA92564C02D008FDB0B /* Frameworks */,
				3D82CAAA2564C02D008FDB0B /* Resources */,
			);
			buildRules = (
			);
			dependencies = (
				3D82CAAE2564C02D008FDB0B /* PBXTargetDependency */,
			);
			name = WallpaperTests;
			productName = WallpaperTests;
			productReference = 3D82CAAC2564C02D008FDB0B /* WallpaperTests.xctest */;
			productType = "com.apple.product-type.bundle.unit-test";
		};
		3D82CAB62564C02D008FDB0B /* WallpaperUITests */ = {
			isa = PBXNativeTarget;
			buildConfigurationList = 3D82CAC62564C02D008FDB0B /* Build configuration list for PBXNativeTarget "WallpaperUITests" */;
			buildPhases = (
				3D82CAB32564C02D008FDB0B /* Sources */,
				3D82CAB42564C02D008FDB0B /* Frameworks */,
				3D82CAB52564C02D008FDB0B /* Resources */,
			);
			buildRules = (
			);
			dependencies = (
				3D82CAB92564C02D008FDB0B /* PBXTargetDependency */,
			);
			name = WallpaperUITests;
			productName = WallpaperUITests;
			productReference = 3D82CAB72564C02D008FDB0B /* WallpaperUITests.xctest */;
			productType = "com.apple.product-type.bundle.ui-testing";
		};
		3D82CAD025651B38008FDB0B /* WallpaperExtension */ = {
			isa = PBXNativeTarget;
			buildConfigurationList = 3D82CAD825651B39008FDB0B /* Build configuration list for PBXNativeTarget "WallpaperExtension" */;
			buildPhases = (
				3D82CACC25651B38008FDB0B /* Headers */,
				3D82CACD25651B38008FDB0B /* Sources */,
				3D82CACE25651B38008FDB0B /* Frameworks */,
				3D82CACF25651B38008FDB0B /* Resources */,
			);
			buildRules = (
			);
			dependencies = (
			);
			name = WallpaperExtension;
			productName = WallpaperExtension;
			productReference = 3D82CAD125651B38008FDB0B /* WallpaperExtension.saver */;
			productType = "com.apple.product-type.bundle";
		};
/* End PBXNativeTarget section */

/* Begin PBXProject section */
		3D82CA8E2564C02A008FDB0B /* Project object */ = {
			isa = PBXProject;
			attributes = {
				LastUpgradeCheck = 1210;
				TargetAttributes = {
					3D82CA952564C02A008FDB0B = {
						CreatedOnToolsVersion = 12.1;
					};
					3D82CAAB2564C02D008FDB0B = {
						CreatedOnToolsVersion = 12.1;
						TestTargetID = 3D82CA952564C02A008FDB0B;
					};
					3D82CAB62564C02D008FDB0B = {
						CreatedOnToolsVersion = 12.1;
						TestTargetID = 3D82CA952564C02A008FDB0B;
					};
					3D82CAD025651B38008FDB0B = {
						CreatedOnToolsVersion = 12.1;
					};
				};
			};
			buildConfigurationList = 3D82CA912564C02A008FDB0B /* Build configuration list for PBXProject "Wallpaper" */;
			compatibilityVersion = "Xcode 9.3";
			developmentRegion = en;
			hasScannedForEncodings = 0;
			knownRegions = (
				en,
				Base,
			);
			mainGroup = 3D82CA8D2564C02A008FDB0B;
			productRefGroup = 3D82CA972564C02A008FDB0B /* Products */;
			projectDirPath = "";
			projectRoot = "";
			targets = (
				3D82CA952564C02A008FDB0B /* Wallpaper */,
				3D82CAAB2564C02D008FDB0B /* WallpaperTests */,
				3D82CAB62564C02D008FDB0B /* WallpaperUITests */,
				3D82CAD025651B38008FDB0B /* WallpaperExtension */,
			);
		};
/* End PBXProject section */

/* Begin PBXResourcesBuildPhase section */
		3D82CA942564C02A008FDB0B /* Resources */ = {
			isa = PBXResourcesBuildPhase;
			buildActionMask = 2147483647;
			files = (
				3D82CAA02564C02C008FDB0B /* Assets.xcassets in Resources */,
				3D82CAA32564C02C008FDB0B /* Main.storyboard in Resources */,
			);
			runOnlyForDeploymentPostprocessing = 0;
		};
		3D82CAAA2564C02D008FDB0B /* Resources */ = {
			isa = PBXResourcesBuildPhase;
			buildActionMask = 2147483647;
			files = (
			);
			runOnlyForDeploymentPostprocessing = 0;
		};
		3D82CAB52564C02D008FDB0B /* Resources */ = {
			isa = PBXResourcesBuildPhase;
			buildActionMask = 2147483647;
			files = (
			);
			runOnlyForDeploymentPostprocessing = 0;
		};
		3D82CACF25651B38008FDB0B /* Resources */ = {
			isa = PBXResourcesBuildPhase;
			buildActionMask = 2147483647;
			files = (
			);
			runOnlyForDeploymentPostprocessing = 0;
		};
/* End PBXResourcesBuildPhase section */

/* Begin PBXSourcesBuildPhase section */
		3D82CA922564C02A008FDB0B /* Sources */ = {
			isa = PBXSourcesBuildPhase;
			buildActionMask = 2147483647;
			files = (
				3D82CA9E2564C02A008FDB0B /* ViewController.m in Sources */,
				3D82CAA62564C02C008FDB0B /* main.m in Sources */,
				3D82CA9B2564C02A008FDB0B /* AppDelegate.m in Sources */,
			);
			runOnlyForDeploymentPostprocessing = 0;
		};
		3D82CAA82564C02D008FDB0B /* Sources */ = {
			isa = PBXSourcesBuildPhase;
			buildActionMask = 2147483647;
			files = (
				3D82CAB12564C02D008FDB0B /* WallpaperTests.m in Sources */,
			);
			runOnlyForDeploymentPostprocessing = 0;
		};
		3D82CAB32564C02D008FDB0B /* Sources */ = {
			isa = PBXSourcesBuildPhase;
			buildActionMask = 2147483647;
			files = (
				3D82CABC2564C02D008FDB0B /* WallpaperUITests.m in Sources */,
			);
			runOnlyForDeploymentPostprocessing = 0;
		};
		3D82CACD25651B38008FDB0B /* Sources */ = {
			isa = PBXSourcesBuildPhase;
			buildActionMask = 2147483647;
			files = (
				3D82CAD625651B38008FDB0B /* WallpaperExtensionView.m in Sources */,
			);
			runOnlyForDeploymentPostprocessing = 0;
		};
/* End PBXSourcesBuildPhase section */

/* Begin PBXTargetDependency section */
		3D82CAAE2564C02D008FDB0B /* PBXTargetDependency */ = {
			isa = PBXTargetDependency;
			target = 3D82CA952564C02A008FDB0B /* Wallpaper */;
			targetProxy = 3D82CAAD2564C02D008FDB0B /* PBXContainerItemProxy */;
		};
		3D82CAB92564C02D008FDB0B /* PBXTargetDependency */ = {
			isa = PBXTargetDependency;
			target = 3D82CA952564C02A008FDB0B /* Wallpaper */;
			targetProxy = 3D82CAB82564C02D008FDB0B /* PBXContainerItemProxy */;
		};
/* End PBXTargetDependency section */

/* Begin PBXVariantGroup section */
		3D82CAA12564C02C008FDB0B /* Main.storyboard */ = {
			isa = PBXVariantGroup;
			children = (
				3D82CAA22564C02C008FDB0B /* Base */,
			);
			name = Main.storyboard;
			sourceTree = "<group>";
		};
/* End PBXVariantGroup section */

/* Begin XCBuildConfiguration section */
		3D82CABE2564C02D008FDB0B /* Debug */ = {
			isa = XCBuildConfiguration;
			buildSettings = {
				ALWAYS_SEARCH_USER_PATHS = NO;
				CLANG_ANALYZER_NONNULL = YES;
				CLANG_ANALYZER_NUMBER_OBJECT_CONVERSION = YES_AGGRESSIVE;
				CLANG_CXX_LANGUAGE_STANDARD = "gnu++14";
				CLANG_CXX_LIBRARY = "libc++";
				CLANG_ENABLE_MODULES = YES;
				CLANG_ENABLE_OBJC_ARC = YES;
				CLANG_ENABLE_OBJC_WEAK = YES;
				CLANG_WARN_BLOCK_CAPTURE_AUTORELEASING = YES;
				CLANG_WARN_BOOL_CONVERSION = YES;
				CLANG_WARN_COMMA = YES;
				CLANG_WARN_CONSTANT_CONVERSION = YES;
				CLANG_WARN_DEPRECATED_OBJC_IMPLEMENTATIONS = YES;
				CLANG_WARN_DIRECT_OBJC_ISA_USAGE = YES_ERROR;
				CLANG_WARN_DOCUMENTATION_COMMENTS = YES;
				CLANG_WARN_EMPTY_BODY = YES;
				CLANG_WARN_ENUM_CONVERSION = YES;
				CLANG_WARN_INFINITE_RECURSION = YES;
				CLANG_WARN_INT_CONVERSION = YES;
				CLANG_WARN_NON_LITERAL_NULL_CONVERSION = YES;
				CLANG_WARN_OBJC_IMPLICIT_RETAIN_SELF = YES;
				CLANG_WARN_OBJC_LITERAL_CONVERSION = YES;
				CLANG_WARN_OBJC_ROOT_CLASS = YES_ERROR;
				CLANG_WARN_QUOTED_INCLUDE_IN_FRAMEWORK_HEADER = YES;
				CLANG_WARN_RANGE_LOOP_ANALYSIS = YES;
				CLANG_WARN_STRICT_PROTOTYPES = YES;
				CLANG_WARN_SUSPICIOUS_MOVE = YES;
				CLANG_WARN_UNGUARDED_AVAILABILITY = YES_AGGRESSIVE;
				CLANG_WARN_UNREACHABLE_CODE = YES;
				CLANG_WARN__DUPLICATE_METHOD_MATCH = YES;
				COPY_PHASE_STRIP = NO;
				DEBUG_INFORMATION_FORMAT = dwarf;
				ENABLE_STRICT_OBJC_MSGSEND = YES;
				ENABLE_TESTABILITY = YES;
				GCC_C_LANGUAGE_STANDARD = gnu11;
				GCC_DYNAMIC_NO_PIC = NO;
				GCC_NO_COMMON_BLOCKS = YES;
				GCC_OPTIMIZATION_LEVEL = 0;
				GCC_PREPROCESSOR_DEFINITIONS = (
					"DEBUG=1",
					"$(inherited)",
				);
				GCC_WARN_64_TO_32_BIT_CONVERSION = YES;
				GCC_WARN_ABOUT_RETURN_TYPE = YES_ERROR;
				GCC_WARN_UNDECLARED_SELECTOR = YES;
				GCC_WARN_UNINITIALIZED_AUTOS = YES_AGGRESSIVE;
				GCC_WARN_UNUSED_FUNCTION = YES;
				GCC_WARN_UNUSED_VARIABLE = YES;
				MACOSX_DEPLOYMENT_TARGET = 10.15;
				MTL_ENABLE_DEBUG_INFO = INCLUDE_SOURCE;
				MTL_FAST_MATH = YES;
				ONLY_ACTIVE_ARCH = YES;
				SDKROOT = macosx;
			};
			name = Debug;
		};
		3D82CABF2564C02D008FDB0B /* Release */ = {
			isa = XCBuildConfiguration;
			buildSettings = {
				ALWAYS_SEARCH_USER_PATHS = NO;
				CLANG_ANALYZER_NONNULL = YES;
				CLANG_ANALYZER_NUMBER_OBJECT_CONVERSION = YES_AGGRESSIVE;
				CLANG_CXX_LANGUAGE_STANDARD = "gnu++14";
				CLANG_CXX_LIBRARY = "libc++";
				CLANG_ENABLE_MODULES = YES;
				CLANG_ENABLE_OBJC_ARC = YES;
				CLANG_ENABLE_OBJC_WEAK = YES;
				CLANG_WARN_BLOCK_CAPTURE_AUTORELEASING = YES;
				CLANG_WARN_BOOL_CONVERSION = YES;
				CLANG_WARN_COMMA = YES;
				CLANG_WARN_CONSTANT_CONVERSION = YES;
				CLANG_WARN_DEPRECATED_OBJC_IMPLEMENTATIONS = YES;
				CLANG_WARN_DIRECT_OBJC_ISA_USAGE = YES_ERROR;
				CLANG_WARN_DOCUMENTATION_COMMENTS = YES;
				CLANG_WARN_EMPTY_BODY = YES;
				CLANG_WARN_ENUM_CONVERSION = YES;
				CLANG_WARN_INFINITE_RECURSION = YES;
				CLANG_WARN_INT_CONVERSION = YES;
				CLANG_WARN_NON_LITERAL_NULL_CONVERSION = YES;
				CLANG_WARN_OBJC_IMPLICIT_RETAIN_SELF = YES;
				CLANG_WARN_OBJC_LITERAL_CONVERSION = YES;
				CLANG_WARN_OBJC_ROOT_CLASS = YES_ERROR;
				CLANG_WARN_QUOTED_INCLUDE_IN_FRAMEWORK_HEADER = YES;
				CLANG_WARN_RANGE_LOOP_ANALYSIS = YES;
				CLANG_WARN_STRICT_PROTOTYPES = YES;
				CLANG_WARN_SUSPICIOUS_MOVE = YES;
				CLANG_WARN_UNGUARDED_AVAILABILITY = YES_AGGRESSIVE;
				CLANG_WARN_UNREACHABLE_CODE = YES;
				CLANG_WARN__DUPLICATE_METHOD_MATCH = YES;
				COPY_PHASE_STRIP = NO;
				DEBUG_INFORMATION_FORMAT = "dwarf-with-dsym";
				ENABLE_NS_ASSERTIONS = NO;
				ENABLE_STRICT_OBJC_MSGSEND = YES;
				GCC_C_LANGUAGE_STANDARD = gnu11;
				GCC_NO_COMMON_BLOCKS = YES;
				GCC_WARN_64_TO_32_BIT_CONVERSION = YES;
				GCC_WARN_ABOUT_RETURN_TYPE = YES_ERROR;
				GCC_WARN_UNDECLARED_SELECTOR = YES;
				GCC_WARN_UNINITIALIZED_AUTOS = YES_AGGRESSIVE;
				GCC_WARN_UNUSED_FUNCTION = YES;
				GCC_WARN_UNUSED_VARIABLE = YES;
				MACOSX_DEPLOYMENT_TARGET = 10.15;
				MTL_ENABLE_DEBUG_INFO = NO;
				MTL_FAST_MATH = YES;
				SDKROOT = macosx;
			};
			name = Release;
		};
		3D82CAC12564C02D008FDB0B /* Debug */ = {
			isa = XCBuildConfiguration;
			buildSettings = {
				ASSETCATALOG_COMPILER_APPICON_NAME = AppIcon;
				ASSETCATALOG_COMPILER_GLOBAL_ACCENT_COLOR_NAME = AccentColor;
				CODE_SIGN_ENTITLEMENTS = Wallpaper/Wallpaper.entitlements;
				CODE_SIGN_STYLE = Automatic;
				COMBINE_HIDPI_IMAGES = YES;
				INFOPLIST_FILE = Wallpaper/Info.plist;
				LD_RUNPATH_SEARCH_PATHS = (
					"$(inherited)",
					"@executable_path/../Frameworks",
				);
				PRODUCT_BUNDLE_IDENTIFIER = test.Wallpaper;
				PRODUCT_NAME = "$(TARGET_NAME)";
			};
			name = Debug;
		};
		3D82CAC22564C02D008FDB0B /* Release */ = {
			isa = XCBuildConfiguration;
			buildSettings = {
				ASSETCATALOG_COMPILER_APPICON_NAME = AppIcon;
				ASSETCATALOG_COMPILER_GLOBAL_ACCENT_COLOR_NAME = AccentColor;
				CODE_SIGN_ENTITLEMENTS = Wallpaper/Wallpaper.entitlements;
				CODE_SIGN_STYLE = Automatic;
				COMBINE_HIDPI_IMAGES = YES;
				INFOPLIST_FILE = Wallpaper/Info.plist;
				LD_RUNPATH_SEARCH_PATHS = (
					"$(inherited)",
					"@executable_path/../Frameworks",
				);
				PRODUCT_BUNDLE_IDENTIFIER = test.Wallpaper;
				PRODUCT_NAME = "$(TARGET_NAME)";
			};
			name = Release;
		};
		3D82CAC42564C02D008FDB0B /* Debug */ = {
			isa = XCBuildConfiguration;
			buildSettings = {
				BUNDLE_LOADER = "$(TEST_HOST)";
				CODE_SIGN_STYLE = Automatic;
				COMBINE_HIDPI_IMAGES = YES;
				INFOPLIST_FILE = WallpaperTests/Info.plist;
				LD_RUNPATH_SEARCH_PATHS = (
					"$(inherited)",
					"@executable_path/../Frameworks",
					"@loader_path/../Frameworks",
				);
				MACOSX_DEPLOYMENT_TARGET = 10.15;
				PRODUCT_BUNDLE_IDENTIFIER = test.WallpaperTests;
				PRODUCT_NAME = "$(TARGET_NAME)";
				TEST_HOST = "$(BUILT_PRODUCTS_DIR)/Wallpaper.app/Contents/MacOS/Wallpaper";
			};
			name = Debug;
		};
		3D82CAC52564C02D008FDB0B /* Release */ = {
			isa = XCBuildConfiguration;
			buildSettings = {
				BUNDLE_LOADER = "$(TEST_HOST)";
				CODE_SIGN_STYLE = Automatic;
				COMBINE_HIDPI_IMAGES = YES;
				INFOPLIST_FILE = WallpaperTests/Info.plist;
				LD_RUNPATH_SEARCH_PATHS = (
					"$(inherited)",
					"@executable_path/../Frameworks",
					"@loader_path/../Frameworks",
				);
				MACOSX_DEPLOYMENT_TARGET = 10.15;
				PRODUCT_BUNDLE_IDENTIFIER = test.WallpaperTests;
				PRODUCT_NAME = "$(TARGET_NAME)";
				TEST_HOST = "$(BUILT_PRODUCTS_DIR)/Wallpaper.app/Contents/MacOS/Wallpaper";
			};
			name = Release;
		};
		3D82CAC72564C02D008FDB0B /* Debug */ = {
			isa = XCBuildConfiguration;
			buildSettings = {
				CODE_SIGN_STYLE = Automatic;
				COMBINE_HIDPI_IMAGES = YES;
				INFOPLIST_FILE = WallpaperUITests/Info.plist;
				LD_RUNPATH_SEARCH_PATHS = (
					"$(inherited)",
					"@executable_path/../Frameworks",
					"@loader_path/../Frameworks",
				);
				PRODUCT_BUNDLE_IDENTIFIER = test.WallpaperUITests;
				PRODUCT_NAME = "$(TARGET_NAME)";
				TEST_TARGET_NAME = Wallpaper;
			};
			name = Debug;
		};
		3D82CAC82564C02D008FDB0B /* Release */ = {
			isa = XCBuildConfiguration;
			buildSettings = {
				CODE_SIGN_STYLE = Automatic;
				COMBINE_HIDPI_IMAGES = YES;
				INFOPLIST_FILE = WallpaperUITests/Info.plist;
				LD_RUNPATH_SEARCH_PATHS = (
					"$(inherited)",
					"@executable_path/../Frameworks",
					"@loader_path/../Frameworks",
				);
				PRODUCT_BUNDLE_IDENTIFIER = test.WallpaperUITests;
				PRODUCT_NAME = "$(TARGET_NAME)";
				TEST_TARGET_NAME = Wallpaper;
			};
			name = Release;
		};
		3D82CAD925651B39008FDB0B /* Debug */ = {
			isa = XCBuildConfiguration;
			buildSettings = {
				CODE_SIGN_STYLE = Automatic;
				COMBINE_HIDPI_IMAGES = YES;
				INFOPLIST_FILE = WallpaperExtension/Info.plist;
				INSTALL_PATH = "$(HOME)/Library/Screen Savers";
				PRODUCT_BUNDLE_IDENTIFIER = test.WallpaperExtension;
				PRODUCT_NAME = "$(TARGET_NAME)";
				WRAPPER_EXTENSION = saver;
			};
			name = Debug;
		};
		3D82CADA25651B39008FDB0B /* Release */ = {
			isa = XCBuildConfiguration;
			buildSettings = {
				CODE_SIGN_STYLE = Automatic;
				COMBINE_HIDPI_IMAGES = YES;
				INFOPLIST_FILE = WallpaperExtension/Info.plist;
				INSTALL_PATH = "$(HOME)/Library/Screen Savers";
				PRODUCT_BUNDLE_IDENTIFIER = test.WallpaperExtension;
				PRODUCT_NAME = "$(TARGET_NAME)";
				WRAPPER_EXTENSION = saver;
			};
			name = Release;
		};
/* End XCBuildConfiguration section */

/* Begin XCConfigurationList section */
		3D82CA912564C02A008FDB0B /* Build configuration list for PBXProject "Wallpaper" */ = {
			isa = XCConfigurationList;
			buildConfigurations = (
				3D82CABE2564C02D008FDB0B /* Debug */,
				3D82CABF2564C02D008FDB0B /* Release */,
			);
			defaultConfigurationIsVisible = 0;
			defaultConfigurationName = Release;
		};
		3D82CAC02564C02D008FDB0B /* Build configuration list for PBXNativeTarget "Wallpaper" */ = {
			isa = XCConfigurationList;
			buildConfigurations = (
				3D82CAC12564C02D008FDB0B /* Debug */,
				3D82CAC22564C02D008FDB0B /* Release */,
			);
			defaultConfigurationIsVisible = 0;
			defaultConfigurationName = Release;
		};
		3D82CAC32564C02D008FDB0B /* Build configuration list for PBXNativeTarget "WallpaperTests" */ = {
			isa = XCConfigurationList;
			buildConfigurations = (
				3D82CAC42564C02D008FDB0B /* Debug */,
				3D82CAC52564C02D008FDB0B /* Release */,
			);
			defaultConfigurationIsVisible = 0;
			defaultConfigurationName = Release;
		};
		3D82CAC62564C02D008FDB0B /* Build configuration list for PBXNativeTarget "WallpaperUITests" */ = {
			isa = XCConfigurationList;
			buildConfigurations = (
				3D82CAC72564C02D008FDB0B /* Debug */,
				3D82CAC82564C02D008FDB0B /* Release */,
			);
			defaultConfigurationIsVisible = 0;
			defaultConfigurationName = Release;
		};
		3D82CAD825651B39008FDB0B /* Build configuration list for PBXNativeTarget "WallpaperExtension" */ = {
			isa = XCConfigurationList;
			buildConfigurations = (
				3D82CAD925651B39008FDB0B /* Debug */,
				3D82CADA25651B39008FDB0B /* Release */,
			);
			defaultConfigurationIsVisible = 0;
			defaultConfigurationName = Release;
		};
/* End XCConfigurationList section */
	};
	rootObject = 3D82CA8E2564C02A008FDB0B /* Project object */;
}
